// !$*UTF8*$!
{
	archiveVersion = 1;
	classes = {
	};
	objectVersion = 50;
	objects = {

/* Begin PBXBuildFile section */
		34761E4324F6FCE000295300 /* MainApp.swift in Sources */ = {isa = PBXBuildFile; fileRef = 34761E4224F6FCE000295300 /* MainApp.swift */; };
		34761E4424F6FCE000295300 /* MainApp.swift in Sources */ = {isa = PBXBuildFile; fileRef = 34761E4224F6FCE000295300 /* MainApp.swift */; };
		3484754024F6EB4F00DC68AA /* Assets.xcassets in Resources */ = {isa = PBXBuildFile; fileRef = 3484752B24F6EB4E00DC68AA /* Assets.xcassets */; };
		3484754124F6EB4F00DC68AA /* Assets.xcassets in Resources */ = {isa = PBXBuildFile; fileRef = 3484752B24F6EB4E00DC68AA /* Assets.xcassets */; };
/* End PBXBuildFile section */

/* Begin PBXFileReference section */
		34761E4224F6FCE000295300 /* MainApp.swift */ = {isa = PBXFileReference; lastKnownFileType = sourcecode.swift; path = MainApp.swift; sourceTree = "<group>"; };
		3484752B24F6EB4E00DC68AA /* Assets.xcassets */ = {isa = PBXFileReference; lastKnownFileType = folder.assetcatalog; path = Assets.xcassets; sourceTree = "<group>"; };
		3484753024F6EB4F00DC68AA /* NavigationExample.app */ = {isa = PBXFileReference; explicitFileType = wrapper.application; includeInIndex = 0; path = NavigationExample.app; sourceTree = BUILT_PRODUCTS_DIR; };
		3484753324F6EB4F00DC68AA /* Info.plist */ = {isa = PBXFileReference; lastKnownFileType = text.plist.xml; path = Info.plist; sourceTree = "<group>"; };
		3484753824F6EB4F00DC68AA /* NavigationExample.app */ = {isa = PBXFileReference; explicitFileType = wrapper.application; includeInIndex = 0; path = NavigationExample.app; sourceTree = BUILT_PRODUCTS_DIR; };
		3484753A24F6EB4F00DC68AA /* Info.plist */ = {isa = PBXFileReference; lastKnownFileType = text.plist.xml; path = Info.plist; sourceTree = "<group>"; };
		3484753B24F6EB4F00DC68AA /* macOS.entitlements */ = {isa = PBXFileReference; lastKnownFileType = text.plist.entitlements; path = macOS.entitlements; sourceTree = "<group>"; };
		34DDA9E324FD74B000A257BB /* README.md */ = {isa = PBXFileReference; lastKnownFileType = net.daringfireball.markdown; path = README.md; sourceTree = "<group>"; };
/* End PBXFileReference section */

/* Begin PBXFrameworksBuildPhase section */
		3484752D24F6EB4F00DC68AA /* Frameworks */ = {
			isa = PBXFrameworksBuildPhase;
			buildActionMask = 2147483647;
			files = (
			);
			runOnlyForDeploymentPostprocessing = 0;
		};
		3484753524F6EB4F00DC68AA /* Frameworks */ = {
			isa = PBXFrameworksBuildPhase;
			buildActionMask = 2147483647;
			files = (
			);
			runOnlyForDeploymentPostprocessing = 0;
		};
/* End PBXFrameworksBuildPhase section */

/* Begin PBXGroup section */
		3484752324F6EB4D00DC68AA = {
			isa = PBXGroup;
			children = (
				34DDA9E324FD74B000A257BB /* README.md */,
				3484752824F6EB4D00DC68AA /* Shared */,
				3484753224F6EB4F00DC68AA /* iOS */,
				3484753924F6EB4F00DC68AA /* macOS */,
				3484753124F6EB4F00DC68AA /* Products */,
			);
			sourceTree = "<group>";
		};
		3484752824F6EB4D00DC68AA /* Shared */ = {
			isa = PBXGroup;
			children = (
				34761E4224F6FCE000295300 /* MainApp.swift */,
				3484752B24F6EB4E00DC68AA /* Assets.xcassets */,
			);
			path = Shared;
			sourceTree = "<group>";
		};
		3484753124F6EB4F00DC68AA /* Products */ = {
			isa = PBXGroup;
			children = (
				3484753024F6EB4F00DC68AA /* NavigationExample.app */,
				3484753824F6EB4F00DC68AA /* NavigationExample.app */,
			);
			name = Products;
			sourceTree = "<group>";
		};
		3484753224F6EB4F00DC68AA /* iOS */ = {
			isa = PBXGroup;
			children = (
				3484753324F6EB4F00DC68AA /* Info.plist */,
			);
			path = iOS;
			sourceTree = "<group>";
		};
		3484753924F6EB4F00DC68AA /* macOS */ = {
			isa = PBXGroup;
			children = (
				3484753A24F6EB4F00DC68AA /* Info.plist */,
				3484753B24F6EB4F00DC68AA /* macOS.entitlements */,
			);
			path = macOS;
			sourceTree = "<group>";
		};
/* End PBXGroup section */

/* Begin PBXNativeTarget section */
		3484752F24F6EB4F00DC68AA /* NavigationExample (iOS) */ = {
			isa = PBXNativeTarget;
			buildConfigurationList = 3484754424F6EB4F00DC68AA /* Build configuration list for PBXNativeTarget "NavigationExample (iOS)" */;
			buildPhases = (
				3484752C24F6EB4F00DC68AA /* Sources */,
				3484752D24F6EB4F00DC68AA /* Frameworks */,
				3484752E24F6EB4F00DC68AA /* Resources */,
			);
			buildRules = (
			);
			dependencies = (
			);
			name = "NavigationExample (iOS)";
			productName = "Test (iOS)";
			productReference = 3484753024F6EB4F00DC68AA /* NavigationExample.app */;
			productType = "com.apple.product-type.application";
		};
		3484753724F6EB4F00DC68AA /* NavigationExample (macOS) */ = {
			isa = PBXNativeTarget;
			buildConfigurationList = 3484754724F6EB4F00DC68AA /* Build configuration list for PBXNativeTarget "NavigationExample (macOS)" */;
			buildPhases = (
				3484753424F6EB4F00DC68AA /* Sources */,
				3484753524F6EB4F00DC68AA /* Frameworks */,
				3484753624F6EB4F00DC68AA /* Resources */,
			);
			buildRules = (
			);
			dependencies = (
			);
			name = "NavigationExample (macOS)";
			productName = "Test (macOS)";
			productReference = 3484753824F6EB4F00DC68AA /* NavigationExample.app */;
			productType = "com.apple.product-type.application";
		};
/* End PBXNativeTarget section */

/* Begin PBXProject section */
		3484752424F6EB4D00DC68AA /* Project object */ = {
			isa = PBXProject;
			attributes = {
				LastSwiftUpdateCheck = 1200;
				LastUpgradeCheck = 1200;
				TargetAttributes = {
					3484752F24F6EB4F00DC68AA = {
						CreatedOnToolsVersion = 12.0;
					};
					3484753724F6EB4F00DC68AA = {
						CreatedOnToolsVersion = 12.0;
					};
				};
			};
			buildConfigurationList = 3484752724F6EB4D00DC68AA /* Build configuration list for PBXProject "NavigationExample" */;
			compatibilityVersion = "Xcode 9.3";
			developmentRegion = en;
			hasScannedForEncodings = 0;
			knownRegions = (
				en,
				Base,
			);
			mainGroup = 3484752324F6EB4D00DC68AA;
			productRefGroup = 3484753124F6EB4F00DC68AA /* Products */;
			projectDirPath = "";
			projectRoot = "";
			targets = (
				3484752F24F6EB4F00DC68AA /* NavigationExample (iOS) */,
				3484753724F6EB4F00DC68AA /* NavigationExample (macOS) */,
			);
		};
/* End PBXProject section */

/* Begin PBXResourcesBuildPhase section */
		3484752E24F6EB4F00DC68AA /* Resources */ = {
			isa = PBXResourcesBuildPhase;
			buildActionMask = 2147483647;
			files = (
				3484754024F6EB4F00DC68AA /* Assets.xcassets in Resources */,
			);
			runOnlyForDeploymentPostprocessing = 0;
		};
		3484753624F6EB4F00DC68AA /* Resources */ = {
			isa = PBXResourcesBuildPhase;
			buildActionMask = 2147483647;
			files = (
				3484754124F6EB4F00DC68AA /* Assets.xcassets in Resources */,
			);
			runOnlyForDeploymentPostprocessing = 0;
		};
/* End PBXResourcesBuildPhase section */

/* Begin PBXSourcesBuildPhase section */
		3484752C24F6EB4F00DC68AA /* Sources */ = {
			isa = PBXSourcesBuildPhase;
			buildActionMask = 2147483647;
			files = (
				34761E4324F6FCE000295300 /* MainApp.swift in Sources */,
			);
			runOnlyForDeploymentPostprocessing = 0;
		};
		3484753424F6EB4F00DC68AA /* Sources */ = {
			isa = PBXSourcesBuildPhase;
			buildActionMask = 2147483647;
			files = (
				34761E4424F6FCE000295300 /* MainApp.swift in Sources */,
			);
			runOnlyForDeploymentPostprocessing = 0;
		};
/* End PBXSourcesBuildPhase section */

/* Begin XCBuildConfiguration section */
		3484754224F6EB4F00DC68AA /* Debug */ = {
			isa = XCBuildConfiguration;
			buildSettings = {
				ALWAYS_SEARCH_USER_PATHS = NO;
				CLANG_ANALYZER_NONNULL = YES;
				CLANG_ANALYZER_NUMBER_OBJECT_CONVERSION = YES_AGGRESSIVE;
				CLANG_CXX_LANGUAGE_STANDARD = "gnu++14";
				CLANG_CXX_LIBRARY = "libc++";
				CLANG_ENABLE_MODULES = YES;
				CLANG_ENABLE_OBJC_ARC = YES;
				CLANG_ENABLE_OBJC_WEAK = YES;
				CLANG_WARN_BLOCK_CAPTURE_AUTORELEASING = YES;
				CLANG_WARN_BOOL_CONVERSION = YES;
				CLANG_WARN_COMMA = YES;
				CLANG_WARN_CONSTANT_CONVERSION = YES;
				CLANG_WARN_DEPRECATED_OBJC_IMPLEMENTATIONS = YES;
				CLANG_WARN_DIRECT_OBJC_ISA_USAGE = YES_ERROR;
				CLANG_WARN_DOCUMENTATION_COMMENTS = YES;
				CLANG_WARN_EMPTY_BODY = YES;
				CLANG_WARN_ENUM_CONVERSION = YES;
				CLANG_WARN_INFINITE_RECURSION = YES;
				CLANG_WARN_INT_CONVERSION = YES;
				CLANG_WARN_NON_LITERAL_NULL_CONVERSION = YES;
				CLANG_WARN_OBJC_IMPLICIT_RETAIN_SELF = YES;
				CLANG_WARN_OBJC_LITERAL_CONVERSION = YES;
				CLANG_WARN_OBJC_ROOT_CLASS = YES_ERROR;
				CLANG_WARN_QUOTED_INCLUDE_IN_FRAMEWORK_HEADER = YES;
				CLANG_WARN_RANGE_LOOP_ANALYSIS = YES;
				CLANG_WARN_STRICT_PROTOTYPES = YES;
				CLANG_WARN_SUSPICIOUS_MOVE = YES;
				CLANG_WARN_UNGUARDED_AVAILABILITY = YES_AGGRESSIVE;
				CLANG_WARN_UNREACHABLE_CODE = YES;
				CLANG_WARN__DUPLICATE_METHOD_MATCH = YES;
				COPY_PHASE_STRIP = NO;
				DEBUG_INFORMATION_FORMAT = dwarf;
				ENABLE_STRICT_OBJC_MSGSEND = YES;
				ENABLE_TESTABILITY = YES;
				GCC_C_LANGUAGE_STANDARD = gnu11;
				GCC_DYNAMIC_NO_PIC = NO;
				GCC_NO_COMMON_BLOCKS = YES;
				GCC_OPTIMIZATION_LEVEL = 0;
				GCC_PREPROCESSOR_DEFINITIONS = (
					"DEBUG=1",
					"$(inherited)",
				);
				GCC_WARN_64_TO_32_BIT_CONVERSION = YES;
				GCC_WARN_ABOUT_RETURN_TYPE = YES_ERROR;
				GCC_WARN_UNDECLARED_SELECTOR = YES;
				GCC_WARN_UNINITIALIZED_AUTOS = YES_AGGRESSIVE;
				GCC_WARN_UNUSED_FUNCTION = YES;
				GCC_WARN_UNUSED_VARIABLE = YES;
				MTL_ENABLE_DEBUG_INFO = INCLUDE_SOURCE;
				MTL_FAST_MATH = YES;
				ONLY_ACTIVE_ARCH = YES;
				SWIFT_ACTIVE_COMPILATION_CONDITIONS = DEBUG;
				SWIFT_OPTIMIZATION_LEVEL = "-Onone";
			};
			name = Debug;
		};
		3484754324F6EB4F00DC68AA /* Release */ = {
			isa = XCBuildConfiguration;
			buildSettings = {
				ALWAYS_SEARCH_USER_PATHS = NO;
				CLANG_ANALYZER_NONNULL = YES;
				CLANG_ANALYZER_NUMBER_OBJECT_CONVERSION = YES_AGGRESSIVE;
				CLANG_CXX_LANGUAGE_STANDARD = "gnu++14";
				CLANG_CXX_LIBRARY = "libc++";
				CLANG_ENABLE_MODULES = YES;
				CLANG_ENABLE_OBJC_ARC = YES;
				CLANG_ENABLE_OBJC_WEAK = YES;
				CLANG_WARN_BLOCK_CAPTURE_AUTORELEASING = YES;
				CLANG_WARN_BOOL_CONVERSION = YES;
				CLANG_WARN_COMMA = YES;
				CLANG_WARN_CONSTANT_CONVERSION = YES;
				CLANG_WARN_DEPRECATED_OBJC_IMPLEMENTATIONS = YES;
				CLANG_WARN_DIRECT_OBJC_ISA_USAGE = YES_ERROR;
				CLANG_WARN_DOCUMENTATION_COMMENTS = YES;
				CLANG_WARN_EMPTY_BODY = YES;
				CLANG_WARN_ENUM_CONVERSION = YES;
				CLANG_WARN_INFINITE_RECURSION = YES;
				CLANG_WARN_INT_CONVERSION = YES;
				CLANG_WARN_NON_LITERAL_NULL_CONVERSION = YES;
				CLANG_WARN_OBJC_IMPLICIT_RETAIN_SELF = YES;
				CLANG_WARN_OBJC_LITERAL_CONVERSION = YES;
				CLANG_WARN_OBJC_ROOT_CLASS = YES_ERROR;
				CLANG_WARN_QUOTED_INCLUDE_IN_FRAMEWORK_HEADER = YES;
				CLANG_WARN_RANGE_LOOP_ANALYSIS = YES;
				CLANG_WARN_STRICT_PROTOTYPES = YES;
				CLANG_WARN_SUSPICIOUS_MOVE = YES;
				CLANG_WARN_UNGUARDED_AVAILABILITY = YES_AGGRESSIVE;
				CLANG_WARN_UNREACHABLE_CODE = YES;
				CLANG_WARN__DUPLICATE_METHOD_MATCH = YES;
				COPY_PHASE_STRIP = NO;
				DEBUG_INFORMATION_FORMAT = "dwarf-with-dsym";
				ENABLE_NS_ASSERTIONS = NO;
				ENABLE_STRICT_OBJC_MSGSEND = YES;
				GCC_C_LANGUAGE_STANDARD = gnu11;
				GCC_NO_COMMON_BLOCKS = YES;
				GCC_WARN_64_TO_32_BIT_CONVERSION = YES;
				GCC_WARN_ABOUT_RETURN_TYPE = YES_ERROR;
				GCC_WARN_UNDECLARED_SELECTOR = YES;
				GCC_WARN_UNINITIALIZED_AUTOS = YES_AGGRESSIVE;
				GCC_WARN_UNUSED_FUNCTION = YES;
				GCC_WARN_UNUSED_VARIABLE = YES;
				MTL_ENABLE_DEBUG_INFO = NO;
				MTL_FAST_MATH = YES;
				SWIFT_COMPILATION_MODE = wholemodule;
				SWIFT_OPTIMIZATION_LEVEL = "-O";
			};
			name = Release;
		};
		3484754524F6EB4F00DC68AA /* Debug */ = {
			isa = XCBuildConfiguration;
			buildSettings = {
				ASSETCATALOG_COMPILER_APPICON_NAME = AppIcon;
				ASSETCATALOG_COMPILER_GLOBAL_ACCENT_COLOR_NAME = AccentColor;
				CODE_SIGN_STYLE = Automatic;
				DEVELOPMENT_TEAM = 87KNVHZ8C7;
				ENABLE_PREVIEWS = YES;
				INFOPLIST_FILE = iOS/Info.plist;
				IPHONEOS_DEPLOYMENT_TARGET = 14.0;
				LD_RUNPATH_SEARCH_PATHS = (
					"$(inherited)",
					"@executable_path/Frameworks",
				);
				PRODUCT_BUNDLE_IDENTIFIER = de.juliankahnert.Test;
				PRODUCT_NAME = NavigationExample;
				SDKROOT = iphoneos;
				SWIFT_VERSION = 5.0;
				TARGETED_DEVICE_FAMILY = "1,2";
			};
			name = Debug;
		};
		3484754624F6EB4F00DC68AA /* Release */ = {
			isa = XCBuildConfiguration;
			buildSettings = {
				ASSETCATALOG_COMPILER_APPICON_NAME = AppIcon;
				ASSETCATALOG_COMPILER_GLOBAL_ACCENT_COLOR_NAME = AccentColor;
				CODE_SIGN_STYLE = Automatic;
				DEVELOPMENT_TEAM = 87KNVHZ8C7;
				ENABLE_PREVIEWS = YES;
				INFOPLIST_FILE = iOS/Info.plist;
				IPHONEOS_DEPLOYMENT_TARGET = 14.0;
				LD_RUNPATH_SEARCH_PATHS = (
					"$(inherited)",
					"@executable_path/Frameworks",
				);
				PRODUCT_BUNDLE_IDENTIFIER = de.juliankahnert.Test;
				PRODUCT_NAME = NavigationExample;
				SDKROOT = iphoneos;
				SWIFT_VERSION = 5.0;
				TARGETED_DEVICE_FAMILY = "1,2";
				VALIDATE_PRODUCT = YES;
			};
			name = Release;
		};
		3484754824F6EB4F00DC68AA /* Debug */ = {
			isa = XCBuildConfiguration;
			buildSettings = {
				ASSETCATALOG_COMPILER_APPICON_NAME = AppIcon;
				ASSETCATALOG_COMPILER_GLOBAL_ACCENT_COLOR_NAME = AccentColor;
				CODE_SIGN_ENTITLEMENTS = macOS/macOS.entitlements;
				CODE_SIGN_STYLE = Automatic;
				COMBINE_HIDPI_IMAGES = YES;
				DEVELOPMENT_TEAM = 87KNVHZ8C7;
				ENABLE_HARDENED_RUNTIME = YES;
				ENABLE_PREVIEWS = YES;
				INFOPLIST_FILE = macOS/Info.plist;
				LD_RUNPATH_SEARCH_PATHS = (
					"$(inherited)",
					"@executable_path/../Frameworks",
				);
				MACOSX_DEPLOYMENT_TARGET = 11.0;
				PRODUCT_BUNDLE_IDENTIFIER = de.juliankahnert.Test;
				PRODUCT_NAME = NavigationExample;
				SDKROOT = macosx;
				SWIFT_VERSION = 5.0;
			};
			name = Debug;
		};
		3484754924F6EB4F00DC68AA /* Release */ = {
			isa = XCBuildConfiguration;
			buildSettings = {
				ASSETCATALOG_COMPILER_APPICON_NAME = AppIcon;
				ASSETCATALOG_COMPILER_GLOBAL_ACCENT_COLOR_NAME = AccentColor;
				CODE_SIGN_ENTITLEMENTS = macOS/macOS.entitlements;
				CODE_SIGN_STYLE = Automatic;
				COMBINE_HIDPI_IMAGES = YES;
				DEVELOPMENT_TEAM = 87KNVHZ8C7;
				ENABLE_HARDENED_RUNTIME = YES;
				ENABLE_PREVIEWS = YES;
				INFOPLIST_FILE = macOS/Info.plist;
				LD_RUNPATH_SEARCH_PATHS = (
					"$(inherited)",
					"@executable_path/../Frameworks",
				);
				MACOSX_DEPLOYMENT_TARGET = 11.0;
				PRODUCT_BUNDLE_IDENTIFIER = de.juliankahnert.Test;
				PRODUCT_NAME = NavigationExample;
				SDKROOT = macosx;
				SWIFT_VERSION = 5.0;
			};
			name = Release;
		};
/* End XCBuildConfiguration section */

/* Begin XCConfigurationList section */
		3484752724F6EB4D00DC68AA /* Build configuration list for PBXProject "NavigationExample" */ = {
			isa = XCConfigurationList;
			buildConfigurations = (
				3484754224F6EB4F00DC68AA /* Debug */,
				3484754324F6EB4F00DC68AA /* Release */,
			);
			defaultConfigurationIsVisible = 0;
			defaultConfigurationName = Release;
		};
		3484754424F6EB4F00DC68AA /* Build configuration list for PBXNativeTarget "NavigationExample (iOS)" */ = {
			isa = XCConfigurationList;
			buildConfigurations = (
				3484754524F6EB4F00DC68AA /* Debug */,
				3484754624F6EB4F00DC68AA /* Release */,
			);
			defaultConfigurationIsVisible = 0;
			defaultConfigurationName = Release;
		};
		3484754724F6EB4F00DC68AA /* Build configuration list for PBXNativeTarget "NavigationExample (macOS)" */ = {
			isa = XCConfigurationList;
			buildConfigurations = (
				3484754824F6EB4F00DC68AA /* Debug */,
				3484754924F6EB4F00DC68AA /* Release */,
			);
			defaultConfigurationIsVisible = 0;
			defaultConfigurationName = Release;
		};
/* End XCConfigurationList section */
	};
	rootObject = 3484752424F6EB4D00DC68AA /* Project object */;
}
